
Microsoft Visual Studio Solution File, Format Version 12.00
# Visual Studio Version 17
VisualStudioVersion = 17.4.33103.184
MinimumVisualStudioVersion = 10.0.40219.1
Project("{FAE04EC0-301F-11D3-BF4B-00C04F79EFBC}") = "greetingsAPI", "greetingsAPI\greetingsAPI.csproj", "{38C0629D-6D45-42B4-922D-49B9131FB772}"
EndProject
Global
	GlobalSection(SolutionConfigurationPlatforms) = preSolution
		Debug|Any CPU = Debug|Any CPU
		Release|Any CPU = Release|Any CPU
	EndGlobalSection
	GlobalSection(ProjectConfigurationPlatforms) = postSolution
		{38C0629D-6D45-42B4-922D-49B9131FB772}.Debug|Any CPU.ActiveCfg = Debug|Any CPU
		{38C0629D-6D45-42B4-922D-49B9131FB772}.Debug|Any CPU.Build.0 = Debug|Any CPU
		{38C0629D-6D45-42B4-922D-49B9131FB772}.Release|Any CPU.ActiveCfg = Release|Any CPU
		{38C0629D-6D45-42B4-922D-49B9131FB772}.Release|Any CPU.Build.0 = Release|Any CPU
	EndGlobalSection
	GlobalSection(SolutionProperties) = preSolution
		HideSolutionNode = FALSE
	EndGlobalSection
	GlobalSection(ExtensibilityGlobals) = postSolution
		SolutionGuid = {7C1E7EEF-3371-431B-9747-699E08D96328}
	EndGlobalSection
EndGlobal
