
Microsoft Visual Studio Solution File, Format Version 12.00
# Visual Studio Version 17
VisualStudioVersion = 17.4.33103.184
MinimumVisualStudioVersion = 10.0.40219.1
Project("{FAE04EC0-301F-11D3-BF4B-00C04F79EFBC}") = "di_demo", "di_demo\di_demo.csproj", "{B33A95F2-1CE9-4A07-B054-9B9B1A826D2A}"
EndProject
Global
	GlobalSection(SolutionConfigurationPlatforms) = preSolution
		Debug|Any CPU = Debug|Any CPU
		Release|Any CPU = Release|Any CPU
	EndGlobalSection
	GlobalSection(ProjectConfigurationPlatforms) = postSolution
		{B33A95F2-1CE9-4A07-B054-9B9B1A826D2A}.Debug|Any CPU.ActiveCfg = Debug|Any CPU
		{B33A95F2-1CE9-4A07-B054-9B9B1A826D2A}.Debug|Any CPU.Build.0 = Debug|Any CPU
		{B33A95F2-1CE9-4A07-B054-9B9B1A826D2A}.Release|Any CPU.ActiveCfg = Release|Any CPU
		{B33A95F2-1CE9-4A07-B054-9B9B1A826D2A}.Release|Any CPU.Build.0 = Release|Any CPU
	EndGlobalSection
	GlobalSection(SolutionProperties) = preSolution
		HideSolutionNode = FALSE
	EndGlobalSection
	GlobalSection(ExtensibilityGlobals) = postSolution
		SolutionGuid = {ABF3693D-897F-4F7E-874F-33490F08E990}
	EndGlobalSection
EndGlobal
